
Microsoft Visual Studio Solution File, Format Version 12.00
# Visual Studio Version 17
VisualStudioVersion = 17.11.35222.181
MinimumVisualStudioVersion = 10.0.40219.1
Project("{9A19103F-16F7-4668-BE54-9A1E7A4F7556}") = "IsoContainerPlayback", "IsoContainerPlayback\IsoContainerPlayback.csproj", "{EF6A0ED6-4903-429D-8648-949845163FFF}"
EndProject
Project("{9A19103F-16F7-4668-BE54-9A1E7A4F7556}") = "IsoContainerPlayback.Tests", "IsoContainerPlayback.Tests\IsoContainerPlayback.Tests.csproj", "{1F2559A2-F7C1-455B-B876-D1CFE54932F6}"
EndProject
Project("{FAE04EC0-301F-11D3-BF4B-00C04F79EFBC}") = "IsoContainerPlayback.DebugApp", "IsoContainerPlayback.DebugApp\IsoContainerPlayback.DebugApp.csproj", "{FA31564A-39F4-4FE7-970B-06A1C9B95B4B}"
EndProject
Global
	GlobalSection(SolutionConfigurationPlatforms) = preSolution
		Debug_Emby|Any CPU = Debug_Emby|Any CPU
		Debug|Any CPU = Debug|Any CPU
		Release_Emby|Any CPU = Release_Emby|Any CPU
		Release|Any CPU = Release|Any CPU
	EndGlobalSection
	GlobalSection(ProjectConfigurationPlatforms) = postSolution
		{EF6A0ED6-4903-429D-8648-949845163FFF}.Debug_Emby|Any CPU.ActiveCfg = Debug_Emby|Any CPU
		{EF6A0ED6-4903-429D-8648-949845163FFF}.Debug_Emby|Any CPU.Build.0 = Debug_Emby|Any CPU
		{EF6A0ED6-4903-429D-8648-949845163FFF}.Debug|Any CPU.ActiveCfg = Debug|Any CPU
		{EF6A0ED6-4903-429D-8648-949845163FFF}.Debug|Any CPU.Build.0 = Debug|Any CPU
		{EF6A0ED6-4903-429D-8648-949845163FFF}.Release_Emby|Any CPU.ActiveCfg = Release_Emby|Any CPU
		{EF6A0ED6-4903-429D-8648-949845163FFF}.Release_Emby|Any CPU.Build.0 = Release_Emby|Any CPU
		{EF6A0ED6-4903-429D-8648-949845163FFF}.Release|Any CPU.ActiveCfg = Release|Any CPU
		{EF6A0ED6-4903-429D-8648-949845163FFF}.Release|Any CPU.Build.0 = Release|Any CPU
		{1F2559A2-F7C1-455B-B876-D1CFE54932F6}.Debug_Emby|Any CPU.ActiveCfg = Debug|Any CPU
		{1F2559A2-F7C1-455B-B876-D1CFE54932F6}.Debug_Emby|Any CPU.Build.0 = Debug|Any CPU
		{1F2559A2-F7C1-455B-B876-D1CFE54932F6}.Debug|Any CPU.ActiveCfg = Debug|Any CPU
		{1F2559A2-F7C1-455B-B876-D1CFE54932F6}.Debug|Any CPU.Build.0 = Debug|Any CPU
		{1F2559A2-F7C1-455B-B876-D1CFE54932F6}.Release_Emby|Any CPU.ActiveCfg = Release|Any CPU
		{1F2559A2-F7C1-455B-B876-D1CFE54932F6}.Release_Emby|Any CPU.Build.0 = Release|Any CPU
		{1F2559A2-F7C1-455B-B876-D1CFE54932F6}.Release|Any CPU.ActiveCfg = Release|Any CPU
		{1F2559A2-F7C1-455B-B876-D1CFE54932F6}.Release|Any CPU.Build.0 = Release|Any CPU
		{FA31564A-39F4-4FE7-970B-06A1C9B95B4B}.Debug_Emby|Any CPU.ActiveCfg = Debug|Any CPU
		{FA31564A-39F4-4FE7-970B-06A1C9B95B4B}.Debug_Emby|Any CPU.Build.0 = Debug|Any CPU
		{FA31564A-39F4-4FE7-970B-06A1C9B95B4B}.Debug|Any CPU.ActiveCfg = Debug|Any CPU
		{FA31564A-39F4-4FE7-970B-06A1C9B95B4B}.Debug|Any CPU.Build.0 = Debug|Any CPU
		{FA31564A-39F4-4FE7-970B-06A1C9B95B4B}.Release_Emby|Any CPU.ActiveCfg = Release|Any CPU
		{FA31564A-39F4-4FE7-970B-06A1C9B95B4B}.Release_Emby|Any CPU.Build.0 = Release|Any CPU
		{FA31564A-39F4-4FE7-970B-06A1C9B95B4B}.Release|Any CPU.ActiveCfg = Release|Any CPU
		{FA31564A-39F4-4FE7-970B-06A1C9B95B4B}.Release|Any CPU.Build.0 = Release|Any CPU
	EndGlobalSection
	GlobalSection(SolutionProperties) = preSolution
		HideSolutionNode = FALSE
	EndGlobalSection
	GlobalSection(ExtensibilityGlobals) = postSolution
		SolutionGuid = {03E4079B-35E6-4809-92FF-E4F6C78A5013}
	EndGlobalSection
EndGlobal
